
Microsoft Visual Studio Solution File, Format Version 12.00
# Visual Studio 15
VisualStudioVersion = 15.0.28010.2036
MinimumVisualStudioVersion = 10.0.40219.1
Project("{9A19103F-16F7-4668-BE54-9A1E7A4F7556}") = "TrafficLight", "wmtest\TrafficLight.csproj", "{8FAEDDE5-0D9B-44FE-B24A-FCF6FF2AD333}"
EndProject
Project("{FAE04EC0-301F-11D3-BF4B-00C04F79EFBC}") = "XUnitTestTrafficLight", "XUnitTestTrafficLight\XUnitTestTrafficLight.csproj", "{7A41BCEE-E8EE-45E5-BADB-DBBE3D5FE248}"
EndProject
Global
	GlobalSection(SolutionConfigurationPlatforms) = preSolution
		Debug|Any CPU = Debug|Any CPU
		Release|Any CPU = Release|Any CPU
	EndGlobalSection
	GlobalSection(ProjectConfigurationPlatforms) = postSolution
		{8FAEDDE5-0D9B-44FE-B24A-FCF6FF2AD333}.Debug|Any CPU.ActiveCfg = Debug|Any CPU
		{8FAEDDE5-0D9B-44FE-B24A-FCF6FF2AD333}.Debug|Any CPU.Build.0 = Debug|Any CPU
		{8FAEDDE5-0D9B-44FE-B24A-FCF6FF2AD333}.Release|Any CPU.ActiveCfg = Release|Any CPU
		{8FAEDDE5-0D9B-44FE-B24A-FCF6FF2AD333}.Release|Any CPU.Build.0 = Release|Any CPU
		{7A41BCEE-E8EE-45E5-BADB-DBBE3D5FE248}.Debug|Any CPU.ActiveCfg = Debug|Any CPU
		{7A41BCEE-E8EE-45E5-BADB-DBBE3D5FE248}.Debug|Any CPU.Build.0 = Debug|Any CPU
		{7A41BCEE-E8EE-45E5-BADB-DBBE3D5FE248}.Release|Any CPU.ActiveCfg = Release|Any CPU
		{7A41BCEE-E8EE-45E5-BADB-DBBE3D5FE248}.Release|Any CPU.Build.0 = Release|Any CPU
	EndGlobalSection
	GlobalSection(SolutionProperties) = preSolution
		HideSolutionNode = FALSE
	EndGlobalSection
	GlobalSection(ExtensibilityGlobals) = postSolution
		SolutionGuid = {79AEF8E5-2AF7-439E-B8B3-EBA8860BBCF3}
	EndGlobalSection
EndGlobal
